
Microsoft Visual Studio Solution File, Format Version 12.00
# Visual Studio 15
VisualStudioVersion = 15.0.27004.2005
MinimumVisualStudioVersion = 10.0.40219.1
Project("{8BC9CEB8-8B4A-11D0-8D11-00A0C91BC942}") = "WTSparcSandbox", "WTSparcSandbox\WTSparcSandbox.vcxproj", "{7530F77A-0895-4ECF-B0EB-465FCCFC4F32}"
EndProject
Project("{8BC9CEB8-8B4A-11D0-8D11-00A0C91BC942}") = "BuildEnv", "BuildEnv\BuildEnv.vcxproj", "{4B5B90F1-08F6-44FE-84E1-FBDAD7B7AF59}"
EndProject
Global
	GlobalSection(SolutionConfigurationPlatforms) = preSolution
		Debug|x64 = Debug|x64
		Debug|x86 = Debug|x86
		Release|x64 = Release|x64
		Release|x86 = Release|x86
	EndGlobalSection
	GlobalSection(ProjectConfigurationPlatforms) = postSolution
		{7530F77A-0895-4ECF-B0EB-465FCCFC4F32}.Debug|x64.ActiveCfg = Debug|x64
		{7530F77A-0895-4ECF-B0EB-465FCCFC4F32}.Debug|x64.Build.0 = Debug|x64
		{7530F77A-0895-4ECF-B0EB-465FCCFC4F32}.Debug|x86.ActiveCfg = Debug|x64
		{7530F77A-0895-4ECF-B0EB-465FCCFC4F32}.Release|x64.ActiveCfg = Release|x64
		{7530F77A-0895-4ECF-B0EB-465FCCFC4F32}.Release|x64.Build.0 = Release|x64
		{7530F77A-0895-4ECF-B0EB-465FCCFC4F32}.Release|x86.ActiveCfg = Release|x64
		{4B5B90F1-08F6-44FE-84E1-FBDAD7B7AF59}.Debug|x64.ActiveCfg = Debug|x64
		{4B5B90F1-08F6-44FE-84E1-FBDAD7B7AF59}.Debug|x64.Build.0 = Debug|x64
		{4B5B90F1-08F6-44FE-84E1-FBDAD7B7AF59}.Debug|x86.ActiveCfg = Debug|x64
		{4B5B90F1-08F6-44FE-84E1-FBDAD7B7AF59}.Release|x64.ActiveCfg = Release|x64
		{4B5B90F1-08F6-44FE-84E1-FBDAD7B7AF59}.Release|x64.Build.0 = Release|x64
		{4B5B90F1-08F6-44FE-84E1-FBDAD7B7AF59}.Release|x86.ActiveCfg = Release|x64
	EndGlobalSection
	GlobalSection(SolutionProperties) = preSolution
		HideSolutionNode = FALSE
	EndGlobalSection
	GlobalSection(ExtensibilityGlobals) = postSolution
		SolutionGuid = {9A6F5844-B31B-495C-A6B3-A7F4160A2F1B}
	EndGlobalSection
EndGlobal
